
Microsoft Visual Studio Solution File, Format Version 12.00
# Visual Studio Version 17
VisualStudioVersion = 17.10.35122.118
MinimumVisualStudioVersion = 10.0.40219.1
Project("{FAE04EC0-301F-11D3-BF4B-00C04F79EFBC}") = "ConsoleApp11", "ConsoleApp11\ConsoleApp11.csproj", "{FBB4763B-026E-4691-80D5-79C680029F92}"
EndProject
Global
	GlobalSection(SolutionConfigurationPlatforms) = preSolution
		Debug|Any CPU = Debug|Any CPU
		Release|Any CPU = Release|Any CPU
	EndGlobalSection
	GlobalSection(ProjectConfigurationPlatforms) = postSolution
		{FBB4763B-026E-4691-80D5-79C680029F92}.Debug|Any CPU.ActiveCfg = Debug|Any CPU
		{FBB4763B-026E-4691-80D5-79C680029F92}.Debug|Any CPU.Build.0 = Debug|Any CPU
		{FBB4763B-026E-4691-80D5-79C680029F92}.Release|Any CPU.ActiveCfg = Release|Any CPU
		{FBB4763B-026E-4691-80D5-79C680029F92}.Release|Any CPU.Build.0 = Release|Any CPU
	EndGlobalSection
	GlobalSection(SolutionProperties) = preSolution
		HideSolutionNode = FALSE
	EndGlobalSection
	GlobalSection(ExtensibilityGlobals) = postSolution
		SolutionGuid = {82333F60-C051-4371-86B8-ABC0678B0553}
	EndGlobalSection
EndGlobal
